
Microsoft Visual Studio Solution File, Format Version 12.00
# Visual Studio Version 16
VisualStudioVersion = 16.0.33423.256
MinimumVisualStudioVersion = 10.0.40219.1
Project("{FAE04EC0-301F-11D3-BF4B-00C04F79EFBC}") = "TestLINK", "TestLINK\TestLINK.csproj", "{F8C48BD7-125B-4AFC-944E-356CF784A705}"
EndProject
Global
	GlobalSection(SolutionConfigurationPlatforms) = preSolution
		Debug|Any CPU = Debug|Any CPU
		Release|Any CPU = Release|Any CPU
	EndGlobalSection
	GlobalSection(ProjectConfigurationPlatforms) = postSolution
		{F8C48BD7-125B-4AFC-944E-356CF784A705}.Debug|Any CPU.ActiveCfg = Debug|Any CPU
		{F8C48BD7-125B-4AFC-944E-356CF784A705}.Debug|Any CPU.Build.0 = Debug|Any CPU
		{F8C48BD7-125B-4AFC-944E-356CF784A705}.Release|Any CPU.ActiveCfg = Release|Any CPU
		{F8C48BD7-125B-4AFC-944E-356CF784A705}.Release|Any CPU.Build.0 = Release|Any CPU
	EndGlobalSection
	GlobalSection(SolutionProperties) = preSolution
		HideSolutionNode = FALSE
	EndGlobalSection
	GlobalSection(ExtensibilityGlobals) = postSolution
		SolutionGuid = {F61A7CDA-3768-4660-8C83-1340E8C21BA8}
	EndGlobalSection
EndGlobal
